
Microsoft Visual Studio Solution File, Format Version 11.00
# Visual Studio 2010
Project("{FAE04EC0-301F-11D3-BF4B-00C04F79EFBC}") = "Shootshoot", "Assembly-CSharp.csproj", "{BE7F86A7-9C89-EC49-A289-A8BBC49601FB}"
EndProject
Global
	GlobalSection(SolutionConfigurationPlatforms) = preSolution
		Debug|Any CPU = Debug|Any CPU
		Release|Any CPU = Release|Any CPU
	EndGlobalSection
	GlobalSection(ProjectConfigurationPlatforms) = postSolution
		{BE7F86A7-9C89-EC49-A289-A8BBC49601FB}.Debug|Any CPU.ActiveCfg = Debug|Any CPU
		{BE7F86A7-9C89-EC49-A289-A8BBC49601FB}.Debug|Any CPU.Build.0 = Debug|Any CPU
		{BE7F86A7-9C89-EC49-A289-A8BBC49601FB}.Release|Any CPU.ActiveCfg = Release|Any CPU
		{BE7F86A7-9C89-EC49-A289-A8BBC49601FB}.Release|Any CPU.Build.0 = Release|Any CPU
	EndGlobalSection
	GlobalSection(SolutionProperties) = preSolution
		HideSolutionNode = FALSE
	EndGlobalSection
	GlobalSection(MonoDevelopProperties) = preSolution
		StartupItem = Assembly-CSharp.csproj
	EndGlobalSection
EndGlobal
